
Microsoft Visual Studio Solution File, Format Version 12.00
# Visual Studio 2012
Project("{FAE04EC0-301F-11D3-BF4B-00C04F79EFBC}") = "001_Constant", "001_Constant\001_Constant.csproj", "{3E061627-2999-4814-AC81-CFDB7FABBD46}"
EndProject
Project("{FAE04EC0-301F-11D3-BF4B-00C04F79EFBC}") = "002_Casting", "002_Casting\002_Casting.csproj", "{50DE2E08-B274-4215-8B99-2ABDCFAF11D3}"
EndProject
Project("{FAE04EC0-301F-11D3-BF4B-00C04F79EFBC}") = "003_Arithmetic", "003_Arithmetic\003_Arithmetic.csproj", "{6520950E-AE44-4875-941C-01EB42D71507}"
EndProject
Project("{FAE04EC0-301F-11D3-BF4B-00C04F79EFBC}") = "004_MathPow", "004_MathPow\004_MathPow.csproj", "{1679CA7A-C6EE-443B-85A1-F5366E0BA3A5}"
EndProject
Project("{FAE04EC0-301F-11D3-BF4B-00C04F79EFBC}") = "005_MathSqrt", "005_MathSqrt\005_MathSqrt.csproj", "{CB86F9C9-D26C-48C9-812F-A2A2B11831E8}"
EndProject
Project("{FAE04EC0-301F-11D3-BF4B-00C04F79EFBC}") = "006_Comparison", "006_Comparison\006_Comparison.csproj", "{66738394-65A2-4C89-B2FB-A2675EACF69F}"
EndProject
Project("{FAE04EC0-301F-11D3-BF4B-00C04F79EFBC}") = "007_IncDec", "007_IncDec\007_IncDec.csproj", "{B4C2A7E6-F328-4542-9359-AC217F5F31EA}"
EndProject
Project("{FAE04EC0-301F-11D3-BF4B-00C04F79EFBC}") = "008_Assignment", "008_Assignment\008_Assignment.csproj", "{3DD19F15-0D51-4817-82C6-C19CEC58EBBE}"
EndProject
Project("{FAE04EC0-301F-11D3-BF4B-00C04F79EFBC}") = "009_LocalVariables", "009_LocalVariables\009_LocalVariables.csproj", "{87E80D96-1994-4A72-B069-A51354BDD99B}"
EndProject
Project("{FAE04EC0-301F-11D3-BF4B-00C04F79EFBC}") = "010_At", "010_At\010_At.csproj", "{34CDA36A-C4E3-4014-8290-BB30818186BE}"
EndProject
Project("{FAE04EC0-301F-11D3-BF4B-00C04F79EFBC}") = "011_Checked", "011_Checked\011_Checked.csproj", "{2C36B8BB-2460-4362-B08F-5A0F11E18A09}"
EndProject
Project("{FAE04EC0-301F-11D3-BF4B-00C04F79EFBC}") = "012_UnChecked", "012_UnChecked\012_UnChecked.csproj", "{CAF4B202-08E7-4592-956B-3A75CF580591}"
EndProject
Project("{FAE04EC0-301F-11D3-BF4B-00C04F79EFBC}") = "013_CheckedUnChecked", "013_CheckedUnChecked\013_CheckedUnChecked.csproj", "{052B0F75-C8C9-4A3B-BE4F-245A7A548C86}"
EndProject
Project("{FAE04EC0-301F-11D3-BF4B-00C04F79EFBC}") = "014_Concatination", "014_Concatination\014_Concatination.csproj", "{C230748D-100B-423C-BB09-49A514532EE4}"
EndProject
Project("{FAE04EC0-301F-11D3-BF4B-00C04F79EFBC}") = "015_StringFormat", "015_StringFormat\015_StringFormat.csproj", "{ACA575BE-7540-406D-885C-3504563519FF}"
EndProject
Project("{FAE04EC0-301F-11D3-BF4B-00C04F79EFBC}") = "016_FlagFormating", "016_FlagFormating\016_FlagFormating.csproj", "{3E60331F-B502-4313-80A6-F84FE33346B9}"
EndProject
Project("{FAE04EC0-301F-11D3-BF4B-00C04F79EFBC}") = "017_Sizeof", "017_Sizeof\017_Sizeof.csproj", "{7C14CCB8-8ACF-4577-9607-E22A6AEE180C}"
EndProject
Project("{FAE04EC0-301F-11D3-BF4B-00C04F79EFBC}") = "018_Var", "018_Var\018_Var.csproj", "{70F81A82-BE6B-422A-8FAB-D04948D72A1D}"
EndProject
Project("{FAE04EC0-301F-11D3-BF4B-00C04F79EFBC}") = "019_Comparison", "019_Comparison\019_Comparison.csproj", "{C3A05DEA-7D5C-41B0-910E-E3D0E4C9A2A4}"
EndProject
Global
	GlobalSection(SolutionConfigurationPlatforms) = preSolution
		Debug|Any CPU = Debug|Any CPU
		Release|Any CPU = Release|Any CPU
	EndGlobalSection
	GlobalSection(ProjectConfigurationPlatforms) = postSolution
		{3E061627-2999-4814-AC81-CFDB7FABBD46}.Debug|Any CPU.ActiveCfg = Debug|Any CPU
		{3E061627-2999-4814-AC81-CFDB7FABBD46}.Debug|Any CPU.Build.0 = Debug|Any CPU
		{3E061627-2999-4814-AC81-CFDB7FABBD46}.Release|Any CPU.ActiveCfg = Release|Any CPU
		{3E061627-2999-4814-AC81-CFDB7FABBD46}.Release|Any CPU.Build.0 = Release|Any CPU
		{50DE2E08-B274-4215-8B99-2ABDCFAF11D3}.Debug|Any CPU.ActiveCfg = Debug|Any CPU
		{50DE2E08-B274-4215-8B99-2ABDCFAF11D3}.Debug|Any CPU.Build.0 = Debug|Any CPU
		{50DE2E08-B274-4215-8B99-2ABDCFAF11D3}.Release|Any CPU.ActiveCfg = Release|Any CPU
		{50DE2E08-B274-4215-8B99-2ABDCFAF11D3}.Release|Any CPU.Build.0 = Release|Any CPU
		{6520950E-AE44-4875-941C-01EB42D71507}.Debug|Any CPU.ActiveCfg = Debug|Any CPU
		{6520950E-AE44-4875-941C-01EB42D71507}.Debug|Any CPU.Build.0 = Debug|Any CPU
		{6520950E-AE44-4875-941C-01EB42D71507}.Release|Any CPU.ActiveCfg = Release|Any CPU
		{6520950E-AE44-4875-941C-01EB42D71507}.Release|Any CPU.Build.0 = Release|Any CPU
		{1679CA7A-C6EE-443B-85A1-F5366E0BA3A5}.Debug|Any CPU.ActiveCfg = Debug|Any CPU
		{1679CA7A-C6EE-443B-85A1-F5366E0BA3A5}.Debug|Any CPU.Build.0 = Debug|Any CPU
		{1679CA7A-C6EE-443B-85A1-F5366E0BA3A5}.Release|Any CPU.ActiveCfg = Release|Any CPU
		{1679CA7A-C6EE-443B-85A1-F5366E0BA3A5}.Release|Any CPU.Build.0 = Release|Any CPU
		{CB86F9C9-D26C-48C9-812F-A2A2B11831E8}.Debug|Any CPU.ActiveCfg = Debug|Any CPU
		{CB86F9C9-D26C-48C9-812F-A2A2B11831E8}.Debug|Any CPU.Build.0 = Debug|Any CPU
		{CB86F9C9-D26C-48C9-812F-A2A2B11831E8}.Release|Any CPU.ActiveCfg = Release|Any CPU
		{CB86F9C9-D26C-48C9-812F-A2A2B11831E8}.Release|Any CPU.Build.0 = Release|Any CPU
		{66738394-65A2-4C89-B2FB-A2675EACF69F}.Debug|Any CPU.ActiveCfg = Debug|Any CPU
		{66738394-65A2-4C89-B2FB-A2675EACF69F}.Debug|Any CPU.Build.0 = Debug|Any CPU
		{66738394-65A2-4C89-B2FB-A2675EACF69F}.Release|Any CPU.ActiveCfg = Release|Any CPU
		{66738394-65A2-4C89-B2FB-A2675EACF69F}.Release|Any CPU.Build.0 = Release|Any CPU
		{B4C2A7E6-F328-4542-9359-AC217F5F31EA}.Debug|Any CPU.ActiveCfg = Debug|Any CPU
		{B4C2A7E6-F328-4542-9359-AC217F5F31EA}.Debug|Any CPU.Build.0 = Debug|Any CPU
		{B4C2A7E6-F328-4542-9359-AC217F5F31EA}.Release|Any CPU.ActiveCfg = Release|Any CPU
		{B4C2A7E6-F328-4542-9359-AC217F5F31EA}.Release|Any CPU.Build.0 = Release|Any CPU
		{3DD19F15-0D51-4817-82C6-C19CEC58EBBE}.Debug|Any CPU.ActiveCfg = Debug|Any CPU
		{3DD19F15-0D51-4817-82C6-C19CEC58EBBE}.Debug|Any CPU.Build.0 = Debug|Any CPU
		{3DD19F15-0D51-4817-82C6-C19CEC58EBBE}.Release|Any CPU.ActiveCfg = Release|Any CPU
		{3DD19F15-0D51-4817-82C6-C19CEC58EBBE}.Release|Any CPU.Build.0 = Release|Any CPU
		{87E80D96-1994-4A72-B069-A51354BDD99B}.Debug|Any CPU.ActiveCfg = Debug|Any CPU
		{87E80D96-1994-4A72-B069-A51354BDD99B}.Debug|Any CPU.Build.0 = Debug|Any CPU
		{87E80D96-1994-4A72-B069-A51354BDD99B}.Release|Any CPU.ActiveCfg = Release|Any CPU
		{87E80D96-1994-4A72-B069-A51354BDD99B}.Release|Any CPU.Build.0 = Release|Any CPU
		{34CDA36A-C4E3-4014-8290-BB30818186BE}.Debug|Any CPU.ActiveCfg = Debug|Any CPU
		{34CDA36A-C4E3-4014-8290-BB30818186BE}.Debug|Any CPU.Build.0 = Debug|Any CPU
		{34CDA36A-C4E3-4014-8290-BB30818186BE}.Release|Any CPU.ActiveCfg = Release|Any CPU
		{34CDA36A-C4E3-4014-8290-BB30818186BE}.Release|Any CPU.Build.0 = Release|Any CPU
		{2C36B8BB-2460-4362-B08F-5A0F11E18A09}.Debug|Any CPU.ActiveCfg = Debug|Any CPU
		{2C36B8BB-2460-4362-B08F-5A0F11E18A09}.Debug|Any CPU.Build.0 = Debug|Any CPU
		{2C36B8BB-2460-4362-B08F-5A0F11E18A09}.Release|Any CPU.ActiveCfg = Release|Any CPU
		{2C36B8BB-2460-4362-B08F-5A0F11E18A09}.Release|Any CPU.Build.0 = Release|Any CPU
		{CAF4B202-08E7-4592-956B-3A75CF580591}.Debug|Any CPU.ActiveCfg = Debug|Any CPU
		{CAF4B202-08E7-4592-956B-3A75CF580591}.Debug|Any CPU.Build.0 = Debug|Any CPU
		{CAF4B202-08E7-4592-956B-3A75CF580591}.Release|Any CPU.ActiveCfg = Release|Any CPU
		{CAF4B202-08E7-4592-956B-3A75CF580591}.Release|Any CPU.Build.0 = Release|Any CPU
		{052B0F75-C8C9-4A3B-BE4F-245A7A548C86}.Debug|Any CPU.ActiveCfg = Debug|Any CPU
		{052B0F75-C8C9-4A3B-BE4F-245A7A548C86}.Debug|Any CPU.Build.0 = Debug|Any CPU
		{052B0F75-C8C9-4A3B-BE4F-245A7A548C86}.Release|Any CPU.ActiveCfg = Release|Any CPU
		{052B0F75-C8C9-4A3B-BE4F-245A7A548C86}.Release|Any CPU.Build.0 = Release|Any CPU
		{C230748D-100B-423C-BB09-49A514532EE4}.Debug|Any CPU.ActiveCfg = Debug|Any CPU
		{C230748D-100B-423C-BB09-49A514532EE4}.Debug|Any CPU.Build.0 = Debug|Any CPU
		{C230748D-100B-423C-BB09-49A514532EE4}.Release|Any CPU.ActiveCfg = Release|Any CPU
		{C230748D-100B-423C-BB09-49A514532EE4}.Release|Any CPU.Build.0 = Release|Any CPU
		{ACA575BE-7540-406D-885C-3504563519FF}.Debug|Any CPU.ActiveCfg = Debug|Any CPU
		{ACA575BE-7540-406D-885C-3504563519FF}.Debug|Any CPU.Build.0 = Debug|Any CPU
		{ACA575BE-7540-406D-885C-3504563519FF}.Release|Any CPU.ActiveCfg = Release|Any CPU
		{ACA575BE-7540-406D-885C-3504563519FF}.Release|Any CPU.Build.0 = Release|Any CPU
		{3E60331F-B502-4313-80A6-F84FE33346B9}.Debug|Any CPU.ActiveCfg = Debug|Any CPU
		{3E60331F-B502-4313-80A6-F84FE33346B9}.Debug|Any CPU.Build.0 = Debug|Any CPU
		{3E60331F-B502-4313-80A6-F84FE33346B9}.Release|Any CPU.ActiveCfg = Release|Any CPU
		{3E60331F-B502-4313-80A6-F84FE33346B9}.Release|Any CPU.Build.0 = Release|Any CPU
		{7C14CCB8-8ACF-4577-9607-E22A6AEE180C}.Debug|Any CPU.ActiveCfg = Debug|Any CPU
		{7C14CCB8-8ACF-4577-9607-E22A6AEE180C}.Debug|Any CPU.Build.0 = Debug|Any CPU
		{7C14CCB8-8ACF-4577-9607-E22A6AEE180C}.Release|Any CPU.ActiveCfg = Release|Any CPU
		{7C14CCB8-8ACF-4577-9607-E22A6AEE180C}.Release|Any CPU.Build.0 = Release|Any CPU
		{70F81A82-BE6B-422A-8FAB-D04948D72A1D}.Debug|Any CPU.ActiveCfg = Debug|Any CPU
		{70F81A82-BE6B-422A-8FAB-D04948D72A1D}.Debug|Any CPU.Build.0 = Debug|Any CPU
		{70F81A82-BE6B-422A-8FAB-D04948D72A1D}.Release|Any CPU.ActiveCfg = Release|Any CPU
		{70F81A82-BE6B-422A-8FAB-D04948D72A1D}.Release|Any CPU.Build.0 = Release|Any CPU
		{C3A05DEA-7D5C-41B0-910E-E3D0E4C9A2A4}.Debug|Any CPU.ActiveCfg = Debug|Any CPU
		{C3A05DEA-7D5C-41B0-910E-E3D0E4C9A2A4}.Debug|Any CPU.Build.0 = Debug|Any CPU
		{C3A05DEA-7D5C-41B0-910E-E3D0E4C9A2A4}.Release|Any CPU.ActiveCfg = Release|Any CPU
		{C3A05DEA-7D5C-41B0-910E-E3D0E4C9A2A4}.Release|Any CPU.Build.0 = Release|Any CPU
	EndGlobalSection
	GlobalSection(SolutionProperties) = preSolution
		HideSolutionNode = FALSE
	EndGlobalSection
EndGlobal
