
Microsoft Visual Studio Solution File, Format Version 12.00
# Visual Studio 2012
Project("{FAE04EC0-301F-11D3-BF4B-00C04F79EFBC}") = "001_If", "001_If\001_If.csproj", "{033C60AA-3BB1-4EFC-8C65-10CECB812085}"
EndProject
Project("{FAE04EC0-301F-11D3-BF4B-00C04F79EFBC}") = "002_if-else", "002_if-else\002_if-else.csproj", "{DF8B9076-703F-492B-B12D-1969B9A492A9}"
EndProject
Project("{FAE04EC0-301F-11D3-BF4B-00C04F79EFBC}") = "003_if-else", "003_if-else\003_if-else.csproj", "{7F175CA4-95EA-42B7-BA22-0121ADD08BEC}"
EndProject
Project("{FAE04EC0-301F-11D3-BF4B-00C04F79EFBC}") = "004_if-else", "004_if-else\004_if-else.csproj", "{7F1D9ECD-A4EA-47B6-88BB-D34AB10B2335}"
EndProject
Project("{FAE04EC0-301F-11D3-BF4B-00C04F79EFBC}") = "005_Authentication", "005_Authentication\005_Authentication.csproj", "{06B356A3-5DB8-4D76-81CA-A8744D770D86}"
EndProject
Project("{FAE04EC0-301F-11D3-BF4B-00C04F79EFBC}") = "006_Ternary", "006_Ternary\006_Ternary.csproj", "{070E5542-0CDB-4C8B-8078-7C04D4214847}"
EndProject
Project("{FAE04EC0-301F-11D3-BF4B-00C04F79EFBC}") = "007_Ternary", "007_Ternary\007_Ternary.csproj", "{400CC61B-0F83-4A5C-A9CF-5EEACDF7790B}"
EndProject
Project("{FAE04EC0-301F-11D3-BF4B-00C04F79EFBC}") = "008_Ternary", "008_Ternary\008_Ternary.csproj", "{4A12BEBC-9FC3-48EA-ACF9-BC821AD7DD30}"
EndProject
Project("{FAE04EC0-301F-11D3-BF4B-00C04F79EFBC}") = "009_Ternary", "009_Ternary\009_Ternary.csproj", "{FE84C927-3116-4F28-8347-665B3F1D8408}"
EndProject
Project("{FAE04EC0-301F-11D3-BF4B-00C04F79EFBC}") = "010_Ternary", "010_Ternary\010_Ternary.csproj", "{E57608DD-0EC7-492D-BACF-C865AAA8D45E}"
EndProject
Project("{FAE04EC0-301F-11D3-BF4B-00C04F79EFBC}") = "011_Ternary", "011_Ternary\011_Ternary.csproj", "{CE3F4F44-6CE7-48B9-BC72-8D6751530D2F}"
EndProject
Project("{FAE04EC0-301F-11D3-BF4B-00C04F79EFBC}") = "012_Switch", "012_Switch\012_Switch.csproj", "{2BE7E6CA-A801-4A1E-8217-6CB81E158CE1}"
EndProject
Project("{FAE04EC0-301F-11D3-BF4B-00C04F79EFBC}") = "013_Switch", "013_Switch\013_Switch.csproj", "{9A4782D4-C4B7-477E-83BF-E459D57DDE31}"
EndProject
Project("{FAE04EC0-301F-11D3-BF4B-00C04F79EFBC}") = "014_Switch", "014_Switch\014_Switch.csproj", "{99775A15-6905-4B51-9A7F-3CD20E143C65}"
EndProject
Project("{FAE04EC0-301F-11D3-BF4B-00C04F79EFBC}") = "015_CoffeeMaker", "015_CoffeeMaker\015_CoffeeMaker.csproj", "{CB9B46B9-7EA5-4314-881A-E361610E833E}"
EndProject
Global
	GlobalSection(SolutionConfigurationPlatforms) = preSolution
		Debug|Any CPU = Debug|Any CPU
		Release|Any CPU = Release|Any CPU
	EndGlobalSection
	GlobalSection(ProjectConfigurationPlatforms) = postSolution
		{033C60AA-3BB1-4EFC-8C65-10CECB812085}.Debug|Any CPU.ActiveCfg = Debug|Any CPU
		{033C60AA-3BB1-4EFC-8C65-10CECB812085}.Debug|Any CPU.Build.0 = Debug|Any CPU
		{033C60AA-3BB1-4EFC-8C65-10CECB812085}.Release|Any CPU.ActiveCfg = Release|Any CPU
		{033C60AA-3BB1-4EFC-8C65-10CECB812085}.Release|Any CPU.Build.0 = Release|Any CPU
		{DF8B9076-703F-492B-B12D-1969B9A492A9}.Debug|Any CPU.ActiveCfg = Debug|Any CPU
		{DF8B9076-703F-492B-B12D-1969B9A492A9}.Debug|Any CPU.Build.0 = Debug|Any CPU
		{DF8B9076-703F-492B-B12D-1969B9A492A9}.Release|Any CPU.ActiveCfg = Release|Any CPU
		{DF8B9076-703F-492B-B12D-1969B9A492A9}.Release|Any CPU.Build.0 = Release|Any CPU
		{7F175CA4-95EA-42B7-BA22-0121ADD08BEC}.Debug|Any CPU.ActiveCfg = Debug|Any CPU
		{7F175CA4-95EA-42B7-BA22-0121ADD08BEC}.Debug|Any CPU.Build.0 = Debug|Any CPU
		{7F175CA4-95EA-42B7-BA22-0121ADD08BEC}.Release|Any CPU.ActiveCfg = Release|Any CPU
		{7F175CA4-95EA-42B7-BA22-0121ADD08BEC}.Release|Any CPU.Build.0 = Release|Any CPU
		{7F1D9ECD-A4EA-47B6-88BB-D34AB10B2335}.Debug|Any CPU.ActiveCfg = Debug|Any CPU
		{7F1D9ECD-A4EA-47B6-88BB-D34AB10B2335}.Debug|Any CPU.Build.0 = Debug|Any CPU
		{7F1D9ECD-A4EA-47B6-88BB-D34AB10B2335}.Release|Any CPU.ActiveCfg = Release|Any CPU
		{7F1D9ECD-A4EA-47B6-88BB-D34AB10B2335}.Release|Any CPU.Build.0 = Release|Any CPU
		{06B356A3-5DB8-4D76-81CA-A8744D770D86}.Debug|Any CPU.ActiveCfg = Debug|Any CPU
		{06B356A3-5DB8-4D76-81CA-A8744D770D86}.Debug|Any CPU.Build.0 = Debug|Any CPU
		{06B356A3-5DB8-4D76-81CA-A8744D770D86}.Release|Any CPU.ActiveCfg = Release|Any CPU
		{06B356A3-5DB8-4D76-81CA-A8744D770D86}.Release|Any CPU.Build.0 = Release|Any CPU
		{070E5542-0CDB-4C8B-8078-7C04D4214847}.Debug|Any CPU.ActiveCfg = Debug|Any CPU
		{070E5542-0CDB-4C8B-8078-7C04D4214847}.Debug|Any CPU.Build.0 = Debug|Any CPU
		{070E5542-0CDB-4C8B-8078-7C04D4214847}.Release|Any CPU.ActiveCfg = Release|Any CPU
		{070E5542-0CDB-4C8B-8078-7C04D4214847}.Release|Any CPU.Build.0 = Release|Any CPU
		{400CC61B-0F83-4A5C-A9CF-5EEACDF7790B}.Debug|Any CPU.ActiveCfg = Debug|Any CPU
		{400CC61B-0F83-4A5C-A9CF-5EEACDF7790B}.Debug|Any CPU.Build.0 = Debug|Any CPU
		{400CC61B-0F83-4A5C-A9CF-5EEACDF7790B}.Release|Any CPU.ActiveCfg = Release|Any CPU
		{400CC61B-0F83-4A5C-A9CF-5EEACDF7790B}.Release|Any CPU.Build.0 = Release|Any CPU
		{4A12BEBC-9FC3-48EA-ACF9-BC821AD7DD30}.Debug|Any CPU.ActiveCfg = Debug|Any CPU
		{4A12BEBC-9FC3-48EA-ACF9-BC821AD7DD30}.Debug|Any CPU.Build.0 = Debug|Any CPU
		{4A12BEBC-9FC3-48EA-ACF9-BC821AD7DD30}.Release|Any CPU.ActiveCfg = Release|Any CPU
		{4A12BEBC-9FC3-48EA-ACF9-BC821AD7DD30}.Release|Any CPU.Build.0 = Release|Any CPU
		{FE84C927-3116-4F28-8347-665B3F1D8408}.Debug|Any CPU.ActiveCfg = Debug|Any CPU
		{FE84C927-3116-4F28-8347-665B3F1D8408}.Debug|Any CPU.Build.0 = Debug|Any CPU
		{FE84C927-3116-4F28-8347-665B3F1D8408}.Release|Any CPU.ActiveCfg = Release|Any CPU
		{FE84C927-3116-4F28-8347-665B3F1D8408}.Release|Any CPU.Build.0 = Release|Any CPU
		{E57608DD-0EC7-492D-BACF-C865AAA8D45E}.Debug|Any CPU.ActiveCfg = Debug|Any CPU
		{E57608DD-0EC7-492D-BACF-C865AAA8D45E}.Debug|Any CPU.Build.0 = Debug|Any CPU
		{E57608DD-0EC7-492D-BACF-C865AAA8D45E}.Release|Any CPU.ActiveCfg = Release|Any CPU
		{E57608DD-0EC7-492D-BACF-C865AAA8D45E}.Release|Any CPU.Build.0 = Release|Any CPU
		{CE3F4F44-6CE7-48B9-BC72-8D6751530D2F}.Debug|Any CPU.ActiveCfg = Debug|Any CPU
		{CE3F4F44-6CE7-48B9-BC72-8D6751530D2F}.Debug|Any CPU.Build.0 = Debug|Any CPU
		{CE3F4F44-6CE7-48B9-BC72-8D6751530D2F}.Release|Any CPU.ActiveCfg = Release|Any CPU
		{CE3F4F44-6CE7-48B9-BC72-8D6751530D2F}.Release|Any CPU.Build.0 = Release|Any CPU
		{2BE7E6CA-A801-4A1E-8217-6CB81E158CE1}.Debug|Any CPU.ActiveCfg = Debug|Any CPU
		{2BE7E6CA-A801-4A1E-8217-6CB81E158CE1}.Debug|Any CPU.Build.0 = Debug|Any CPU
		{2BE7E6CA-A801-4A1E-8217-6CB81E158CE1}.Release|Any CPU.ActiveCfg = Release|Any CPU
		{2BE7E6CA-A801-4A1E-8217-6CB81E158CE1}.Release|Any CPU.Build.0 = Release|Any CPU
		{9A4782D4-C4B7-477E-83BF-E459D57DDE31}.Debug|Any CPU.ActiveCfg = Debug|Any CPU
		{9A4782D4-C4B7-477E-83BF-E459D57DDE31}.Debug|Any CPU.Build.0 = Debug|Any CPU
		{9A4782D4-C4B7-477E-83BF-E459D57DDE31}.Release|Any CPU.ActiveCfg = Release|Any CPU
		{9A4782D4-C4B7-477E-83BF-E459D57DDE31}.Release|Any CPU.Build.0 = Release|Any CPU
		{99775A15-6905-4B51-9A7F-3CD20E143C65}.Debug|Any CPU.ActiveCfg = Debug|Any CPU
		{99775A15-6905-4B51-9A7F-3CD20E143C65}.Debug|Any CPU.Build.0 = Debug|Any CPU
		{99775A15-6905-4B51-9A7F-3CD20E143C65}.Release|Any CPU.ActiveCfg = Release|Any CPU
		{99775A15-6905-4B51-9A7F-3CD20E143C65}.Release|Any CPU.Build.0 = Release|Any CPU
		{CB9B46B9-7EA5-4314-881A-E361610E833E}.Debug|Any CPU.ActiveCfg = Debug|Any CPU
		{CB9B46B9-7EA5-4314-881A-E361610E833E}.Debug|Any CPU.Build.0 = Debug|Any CPU
		{CB9B46B9-7EA5-4314-881A-E361610E833E}.Release|Any CPU.ActiveCfg = Release|Any CPU
		{CB9B46B9-7EA5-4314-881A-E361610E833E}.Release|Any CPU.Build.0 = Release|Any CPU
	EndGlobalSection
	GlobalSection(SolutionProperties) = preSolution
		HideSolutionNode = FALSE
	EndGlobalSection
EndGlobal
